
Microsoft Visual Studio Solution File, Format Version 12.00
# Visual Studio Version 17
VisualStudioVersion = 17.5.002.0
MinimumVisualStudioVersion = 10.0.40219.1
Project("{9A19103F-16F7-4668-BE54-9A1E7A4F7556}") = "CallDetailRecords", "CallDetailRecords.csproj", "{8B9A356A-5F3C-494B-B53A-50E663ECC4C3}"
EndProject
Project("{FAE04EC0-301F-11D3-BF4B-00C04F79EFBC}") = "CallDetailRecords.Tests", "..\Tests\CallDetailRecords.Tests.csproj", "{399E34CD-7B2E-439E-A814-23E834BEAA6A}"
EndProject
Global
	GlobalSection(SolutionConfigurationPlatforms) = preSolution
		Debug|Any CPU = Debug|Any CPU
		Release|Any CPU = Release|Any CPU
	EndGlobalSection
	GlobalSection(ProjectConfigurationPlatforms) = postSolution
		{8B9A356A-5F3C-494B-B53A-50E663ECC4C3}.Debug|Any CPU.ActiveCfg = Debug|Any CPU
		{8B9A356A-5F3C-494B-B53A-50E663ECC4C3}.Debug|Any CPU.Build.0 = Debug|Any CPU
		{8B9A356A-5F3C-494B-B53A-50E663ECC4C3}.Release|Any CPU.ActiveCfg = Release|Any CPU
		{8B9A356A-5F3C-494B-B53A-50E663ECC4C3}.Release|Any CPU.Build.0 = Release|Any CPU
		{399E34CD-7B2E-439E-A814-23E834BEAA6A}.Debug|Any CPU.ActiveCfg = Debug|Any CPU
		{399E34CD-7B2E-439E-A814-23E834BEAA6A}.Debug|Any CPU.Build.0 = Debug|Any CPU
		{399E34CD-7B2E-439E-A814-23E834BEAA6A}.Release|Any CPU.ActiveCfg = Release|Any CPU
		{399E34CD-7B2E-439E-A814-23E834BEAA6A}.Release|Any CPU.Build.0 = Release|Any CPU
	EndGlobalSection
	GlobalSection(SolutionProperties) = preSolution
		HideSolutionNode = FALSE
	EndGlobalSection
	GlobalSection(ExtensibilityGlobals) = postSolution
		SolutionGuid = {A33A04C4-D3AB-41F3-BECF-66ED9C6D4F4D}
	EndGlobalSection
EndGlobal
